{
  "name": "advent_of_code_2021",
  "version": "1.0.0",
  "lockfileVersion": 3,
  "requires": true,
  "packages": {
    "": {
      "name": "advent_of_code_2021",
      "version": "1.0.0",
      "license": "ISC",
      "dependencies": {
        "@datastructures-js/priority-queue": "^6.3.1",
        "@js-sdsl/priority-queue": "^4.4.0"
      }
    },
    "node_modules/@datastructures-js/heap": {
      "version": "4.3.3",
      "resolved": "https://registry.npmjs.org/@datastructures-js/heap/-/heap-4.3.3.tgz",
      "integrity": "sha512-UcUu/DLh/aM4W3C8zZfwxxm6/6FIZUlm3mcAXuNOCa6Aj4iizNvNXQyb8DjZQH2jKSQbMRyNlngP6TPimuGjpQ==",
      "license": "MIT"
    },
    "node_modules/@datastructures-js/priority-queue": {
      "version": "6.3.1",
      "resolved": "https://registry.npmjs.org/@datastructures-js/priority-queue/-/priority-queue-6.3.1.tgz",
      "integrity": "sha512-eoxkWql/j0VJ0UFMFTpnyJz4KbEEVQ6aZ/JuJUgenu0Im4tYKylAycNGsYCHGXiVNEd7OKGVwfx1Ac3oYkuu7A==",
      "license": "MIT",
      "dependencies": {
        "@datastructures-js/heap": "^4.3.3"
      }
    },
    "node_modules/@js-sdsl/priority-queue": {
      "version": "4.4.0",
      "resolved": "https://registry.npmjs.org/@js-sdsl/priority-queue/-/priority-queue-4.4.0.tgz",
      "integrity": "sha512-U/SrwWX6YK8vSQ2UJu7YjcHCe+agUbBxaVMQqVHkET734jHt3Ghl5yM0BLyf/rJgqN5FLe2IU4LlhftfL05AiQ==",
      "license": "MIT",
      "funding": {
        "type": "opencollective",
        "url": "https://opencollective.com/js-sdsl"
      }
    }
  }
}
